
Microsoft Visual Studio Solution File, Format Version 12.00
# Visual Studio 15
VisualStudioVersion = 15.0.28307.645
MinimumVisualStudioVersion = 10.0.40219.1
Project("{FAE04EC0-301F-11D3-BF4B-00C04F79EFBC}") = "WEB", "WEB\WEB.csproj", "{C6623680-418F-4DFD-B273-B62A67B2267C}"
EndProject
Project("{FAE04EC0-301F-11D3-BF4B-00C04F79EFBC}") = "DataAccess", "DataAccess\DataAccess.csproj", "{6A972314-091E-444C-830C-5E836CF2F043}"
EndProject
Project("{FAE04EC0-301F-11D3-BF4B-00C04F79EFBC}") = "Entities", "Entities\Entities.csproj", "{5BEB098B-8BC8-42F3-AAD6-141633AF85CA}"
EndProject
Project("{FAE04EC0-301F-11D3-BF4B-00C04F79EFBC}") = "BusinessRules", "BusinessRules\BusinessRules.csproj", "{71CAD41B-9EDF-4286-9582-E085639D76D0}"
EndProject
Global
	GlobalSection(SolutionConfigurationPlatforms) = preSolution
		Debug|Any CPU = Debug|Any CPU
		Release|Any CPU = Release|Any CPU
	EndGlobalSection
	GlobalSection(ProjectConfigurationPlatforms) = postSolution
		{C6623680-418F-4DFD-B273-B62A67B2267C}.Debug|Any CPU.ActiveCfg = Debug|Any CPU
		{C6623680-418F-4DFD-B273-B62A67B2267C}.Debug|Any CPU.Build.0 = Debug|Any CPU
		{C6623680-418F-4DFD-B273-B62A67B2267C}.Release|Any CPU.ActiveCfg = Release|Any CPU
		{C6623680-418F-4DFD-B273-B62A67B2267C}.Release|Any CPU.Build.0 = Release|Any CPU
		{6A972314-091E-444C-830C-5E836CF2F043}.Debug|Any CPU.ActiveCfg = Debug|Any CPU
		{6A972314-091E-444C-830C-5E836CF2F043}.Debug|Any CPU.Build.0 = Debug|Any CPU
		{6A972314-091E-444C-830C-5E836CF2F043}.Release|Any CPU.ActiveCfg = Release|Any CPU
		{6A972314-091E-444C-830C-5E836CF2F043}.Release|Any CPU.Build.0 = Release|Any CPU
		{5BEB098B-8BC8-42F3-AAD6-141633AF85CA}.Debug|Any CPU.ActiveCfg = Debug|Any CPU
		{5BEB098B-8BC8-42F3-AAD6-141633AF85CA}.Debug|Any CPU.Build.0 = Debug|Any CPU
		{5BEB098B-8BC8-42F3-AAD6-141633AF85CA}.Release|Any CPU.ActiveCfg = Release|Any CPU
		{5BEB098B-8BC8-42F3-AAD6-141633AF85CA}.Release|Any CPU.Build.0 = Release|Any CPU
		{71CAD41B-9EDF-4286-9582-E085639D76D0}.Debug|Any CPU.ActiveCfg = Debug|Any CPU
		{71CAD41B-9EDF-4286-9582-E085639D76D0}.Debug|Any CPU.Build.0 = Debug|Any CPU
		{71CAD41B-9EDF-4286-9582-E085639D76D0}.Release|Any CPU.ActiveCfg = Release|Any CPU
		{71CAD41B-9EDF-4286-9582-E085639D76D0}.Release|Any CPU.Build.0 = Release|Any CPU
	EndGlobalSection
	GlobalSection(SolutionProperties) = preSolution
		HideSolutionNode = FALSE
	EndGlobalSection
	GlobalSection(ExtensibilityGlobals) = postSolution
		SolutionGuid = {C4A8CCA8-6685-4CBD-864E-D9F4B1900E9F}
	EndGlobalSection
EndGlobal
